
Microsoft Visual Studio Solution File, Format Version 12.00
# Visual Studio Version 17
VisualStudioVersion = 17.9.34622.214
MinimumVisualStudioVersion = 10.0.40219.1
Project("{FAE04EC0-301F-11D3-BF4B-00C04F79EFBC}") = "Gestione_Impiegati_ASPWEB", "Gestione_Impiegati_ASPWEB.csproj", "{480CBBE6-FFEF-4946-8528-D8A9A02E2768}"
EndProject
Global
	GlobalSection(SolutionConfigurationPlatforms) = preSolution
		Debug|Any CPU = Debug|Any CPU
		Release|Any CPU = Release|Any CPU
	EndGlobalSection
	GlobalSection(ProjectConfigurationPlatforms) = postSolution
		{480CBBE6-FFEF-4946-8528-D8A9A02E2768}.Debug|Any CPU.ActiveCfg = Debug|Any CPU
		{480CBBE6-FFEF-4946-8528-D8A9A02E2768}.Debug|Any CPU.Build.0 = Debug|Any CPU
		{480CBBE6-FFEF-4946-8528-D8A9A02E2768}.Release|Any CPU.ActiveCfg = Release|Any CPU
		{480CBBE6-FFEF-4946-8528-D8A9A02E2768}.Release|Any CPU.Build.0 = Release|Any CPU
	EndGlobalSection
	GlobalSection(SolutionProperties) = preSolution
		HideSolutionNode = FALSE
	EndGlobalSection
	GlobalSection(ExtensibilityGlobals) = postSolution
		SolutionGuid = {C5D7C3D9-54CE-412E-BB14-589D14CD435B}
	EndGlobalSection
EndGlobal
